
Microsoft Visual Studio Solution File, Format Version 10.00
# Visual Studio 2008
Project("{8BC9CEB8-8B4A-11D0-8D11-00A0C91BC942}") = "GesturesTest", "C:\Documents and Settings\Florian\Desktop\introtogesturesapi_src\GesturesTest.vcproj", "{25FE1F3F-8653-4BDF-B3A9-25A0D747DE80}"
EndProject
Global
	GlobalSection(SolutionConfigurationPlatforms) = preSolution
		Debug|Windows Mobile 6 Professional SDK (ARMV4I) = Debug|Windows Mobile 6 Professional SDK (ARMV4I)
		Release|Windows Mobile 6 Professional SDK (ARMV4I) = Release|Windows Mobile 6 Professional SDK (ARMV4I)
	EndGlobalSection
	GlobalSection(ProjectConfigurationPlatforms) = postSolution
		{25FE1F3F-8653-4BDF-B3A9-25A0D747DE80}.Debug|Windows Mobile 6 Professional SDK (ARMV4I).ActiveCfg = Debug|Windows Mobile 6 Professional SDK (ARMV4I)
		{25FE1F3F-8653-4BDF-B3A9-25A0D747DE80}.Debug|Windows Mobile 6 Professional SDK (ARMV4I).Build.0 = Debug|Windows Mobile 6 Professional SDK (ARMV4I)
		{25FE1F3F-8653-4BDF-B3A9-25A0D747DE80}.Debug|Windows Mobile 6 Professional SDK (ARMV4I).Deploy.0 = Debug|Windows Mobile 6 Professional SDK (ARMV4I)
		{25FE1F3F-8653-4BDF-B3A9-25A0D747DE80}.Release|Windows Mobile 6 Professional SDK (ARMV4I).ActiveCfg = Release|Windows Mobile 6 Professional SDK (ARMV4I)
		{25FE1F3F-8653-4BDF-B3A9-25A0D747DE80}.Release|Windows Mobile 6 Professional SDK (ARMV4I).Build.0 = Release|Windows Mobile 6 Professional SDK (ARMV4I)
		{25FE1F3F-8653-4BDF-B3A9-25A0D747DE80}.Release|Windows Mobile 6 Professional SDK (ARMV4I).Deploy.0 = Release|Windows Mobile 6 Professional SDK (ARMV4I)
	EndGlobalSection
	GlobalSection(SolutionProperties) = preSolution
		HideSolutionNode = FALSE
	EndGlobalSection
EndGlobal
